
Microsoft Visual Studio Solution File, Format Version 12.00
# Visual Studio 15
VisualStudioVersion = 15.0.28307.757
MinimumVisualStudioVersion = 10.0.40219.1
Project("{9A19103F-16F7-4668-BE54-9A1E7A4F7556}") = "Twisty.Engine", "Twisty.Engine\Twisty.Engine.csproj", "{D424880E-1D3F-4902-B36D-A7BDF613390C}"
EndProject
Project("{2150E333-8FDC-42A3-9474-1A3956D46DE8}") = "UnitTests", "UnitTests", "{7230977F-25EA-4665-B956-F370F0194B39}"
EndProject
Project("{9A19103F-16F7-4668-BE54-9A1E7A4F7556}") = "Twisty.Engine.Tests", "Twisty.Engine.Tests\Twisty.Engine.Tests.csproj", "{890E967A-2C16-4F49-8648-4866E50F7AA0}"
EndProject
Project("{9A19103F-16F7-4668-BE54-9A1E7A4F7556}") = "Twisty.Bash", "Twisty.Console\Twisty.Bash.csproj", "{A304AD50-F293-41FB-BBE7-C77D00B93598}"
EndProject
Global
	GlobalSection(SolutionConfigurationPlatforms) = preSolution
		Debug|Any CPU = Debug|Any CPU
		GitHub|Any CPU = GitHub|Any CPU
		Release|Any CPU = Release|Any CPU
	EndGlobalSection
	GlobalSection(ProjectConfigurationPlatforms) = postSolution
		{D424880E-1D3F-4902-B36D-A7BDF613390C}.Debug|Any CPU.ActiveCfg = Debug|Any CPU
		{D424880E-1D3F-4902-B36D-A7BDF613390C}.Debug|Any CPU.Build.0 = Debug|Any CPU
		{D424880E-1D3F-4902-B36D-A7BDF613390C}.GitHub|Any CPU.ActiveCfg = Debug|Any CPU
		{D424880E-1D3F-4902-B36D-A7BDF613390C}.GitHub|Any CPU.Build.0 = Debug|Any CPU
		{D424880E-1D3F-4902-B36D-A7BDF613390C}.Release|Any CPU.ActiveCfg = Debug|Any CPU
		{D424880E-1D3F-4902-B36D-A7BDF613390C}.Release|Any CPU.Build.0 = Debug|Any CPU
		{890E967A-2C16-4F49-8648-4866E50F7AA0}.Debug|Any CPU.ActiveCfg = Debug|Any CPU
		{890E967A-2C16-4F49-8648-4866E50F7AA0}.Debug|Any CPU.Build.0 = Debug|Any CPU
		{890E967A-2C16-4F49-8648-4866E50F7AA0}.GitHub|Any CPU.ActiveCfg = Debug|Any CPU
		{890E967A-2C16-4F49-8648-4866E50F7AA0}.GitHub|Any CPU.Build.0 = Debug|Any CPU
		{890E967A-2C16-4F49-8648-4866E50F7AA0}.Release|Any CPU.ActiveCfg = Debug|Any CPU
		{890E967A-2C16-4F49-8648-4866E50F7AA0}.Release|Any CPU.Build.0 = Debug|Any CPU
		{A304AD50-F293-41FB-BBE7-C77D00B93598}.Debug|Any CPU.ActiveCfg = Debug|Any CPU
		{A304AD50-F293-41FB-BBE7-C77D00B93598}.Debug|Any CPU.Build.0 = Debug|Any CPU
		{A304AD50-F293-41FB-BBE7-C77D00B93598}.GitHub|Any CPU.ActiveCfg = Debug|Any CPU
		{A304AD50-F293-41FB-BBE7-C77D00B93598}.GitHub|Any CPU.Build.0 = Debug|Any CPU
		{A304AD50-F293-41FB-BBE7-C77D00B93598}.Release|Any CPU.ActiveCfg = Debug|Any CPU
		{A304AD50-F293-41FB-BBE7-C77D00B93598}.Release|Any CPU.Build.0 = Debug|Any CPU
	EndGlobalSection
	GlobalSection(SolutionProperties) = preSolution
		HideSolutionNode = FALSE
	EndGlobalSection
	GlobalSection(NestedProjects) = preSolution
		{890E967A-2C16-4F49-8648-4866E50F7AA0} = {7230977F-25EA-4665-B956-F370F0194B39}
	EndGlobalSection
	GlobalSection(ExtensibilityGlobals) = postSolution
		SolutionGuid = {B85049F0-755E-4CEB-B6AB-348C920E8180}
	EndGlobalSection
EndGlobal
